
Microsoft Visual Studio Solution File, Format Version 12.00
# Visual Studio Version 17
VisualStudioVersion = 17.7.34009.444
MinimumVisualStudioVersion = 10.0.40219.1
Project("{FAE04EC0-301F-11D3-BF4B-00C04F79EFBC}") = "NewTalents", "NewTalents\NewTalents.csproj", "{458C1A4C-6406-4B9F-9464-FB32D941E34F}"
EndProject
Project("{FAE04EC0-301F-11D3-BF4B-00C04F79EFBC}") = "TestsNewTalents", "TestsNewTalents\TestsNewTalents.csproj", "{E7F77273-E440-44C7-AAC3-BE5AB2136A0D}"
EndProject
Global
	GlobalSection(SolutionConfigurationPlatforms) = preSolution
		Debug|Any CPU = Debug|Any CPU
		Release|Any CPU = Release|Any CPU
	EndGlobalSection
	GlobalSection(ProjectConfigurationPlatforms) = postSolution
		{458C1A4C-6406-4B9F-9464-FB32D941E34F}.Debug|Any CPU.ActiveCfg = Debug|Any CPU
		{458C1A4C-6406-4B9F-9464-FB32D941E34F}.Debug|Any CPU.Build.0 = Debug|Any CPU
		{458C1A4C-6406-4B9F-9464-FB32D941E34F}.Release|Any CPU.ActiveCfg = Release|Any CPU
		{458C1A4C-6406-4B9F-9464-FB32D941E34F}.Release|Any CPU.Build.0 = Release|Any CPU
		{E7F77273-E440-44C7-AAC3-BE5AB2136A0D}.Debug|Any CPU.ActiveCfg = Debug|Any CPU
		{E7F77273-E440-44C7-AAC3-BE5AB2136A0D}.Debug|Any CPU.Build.0 = Debug|Any CPU
		{E7F77273-E440-44C7-AAC3-BE5AB2136A0D}.Release|Any CPU.ActiveCfg = Release|Any CPU
		{E7F77273-E440-44C7-AAC3-BE5AB2136A0D}.Release|Any CPU.Build.0 = Release|Any CPU
	EndGlobalSection
	GlobalSection(SolutionProperties) = preSolution
		HideSolutionNode = FALSE
	EndGlobalSection
	GlobalSection(ExtensibilityGlobals) = postSolution
		SolutionGuid = {32D13EB2-8271-4420-9E8D-8D6DB737C104}
	EndGlobalSection
EndGlobal
